// !$*UTF8*$!
{
	archiveVersion = 1;
	classes = {
	};
	objectVersion = 46;
	objects = {

/* Begin PBXBuildFile section */
		576E958517B76771004DA52C /* Storyboard.storyboard in Resources */ = {isa = PBXBuildFile; fileRef = 576E958417B76771004DA52C /* Storyboard.storyboard */; };
		579BE55217B71EEB00FD9118 /* Foundation.framework in Frameworks */ = {isa = PBXBuildFile; fileRef = 579BE55117B71EEB00FD9118 /* Foundation.framework */; };
		579BE55417B71EEB00FD9118 /* CoreGraphics.framework in Frameworks */ = {isa = PBXBuildFile; fileRef = 579BE55317B71EEB00FD9118 /* CoreGraphics.framework */; };
		579BE55617B71EEB00FD9118 /* UIKit.framework in Frameworks */ = {isa = PBXBuildFile; fileRef = 579BE55517B71EEB00FD9118 /* UIKit.framework */; };
		579BE55C17B71EEB00FD9118 /* InfoPlist.strings in Resources */ = {isa = PBXBuildFile; fileRef = 579BE55A17B71EEB00FD9118 /* InfoPlist.strings */; };
		579BE55E17B71EEB00FD9118 /* main.m in Sources */ = {isa = PBXBuildFile; fileRef = 579BE55D17B71EEB00FD9118 /* main.m */; };
		579BE56217B71EEB00FD9118 /* AppDelegate.m in Sources */ = {isa = PBXBuildFile; fileRef = 579BE56117B71EEB00FD9118 /* AppDelegate.m */; };
		579BE56817B71EEB00FD9118 /* LocalMoviePlayerViewController.m in Sources */ = {isa = PBXBuildFile; fileRef = 579BE56717B71EEB00FD9118 /* LocalMoviePlayerViewController.m */; };
		579BE56A17B71EEB00FD9118 /* Images.xcassets in Resources */ = {isa = PBXBuildFile; fileRef = 579BE56917B71EEB00FD9118 /* Images.xcassets */; };
		579BE57117B71EEB00FD9118 /* XCTest.framework in Frameworks */ = {isa = PBXBuildFile; fileRef = 579BE57017B71EEB00FD9118 /* XCTest.framework */; };
		579BE57217B71EEB00FD9118 /* Foundation.framework in Frameworks */ = {isa = PBXBuildFile; fileRef = 579BE55117B71EEB00FD9118 /* Foundation.framework */; };
		579BE57317B71EEB00FD9118 /* UIKit.framework in Frameworks */ = {isa = PBXBuildFile; fileRef = 579BE55517B71EEB00FD9118 /* UIKit.framework */; };
		579BE57B17B71EEB00FD9118 /* InfoPlist.strings in Resources */ = {isa = PBXBuildFile; fileRef = 579BE57917B71EEB00FD9118 /* InfoPlist.strings */; };
		579BE57D17B71EEB00FD9118 /* MoviePlayerSampleTests.m in Sources */ = {isa = PBXBuildFile; fileRef = 579BE57C17B71EEB00FD9118 /* MoviePlayerSampleTests.m */; };
		57F0293017B75B4700E08498 /* MediaPlayer.framework in Frameworks */ = {isa = PBXBuildFile; fileRef = 57F0292F17B75B4700E08498 /* MediaPlayer.framework */; };
		57F0293217B75DA500E08498 /* Movie.m4v in Resources */ = {isa = PBXBuildFile; fileRef = 57F0293117B75D6E00E08498 /* Movie.m4v */; };
		57F0293717B75F3800E08498 /* StreamingMoviePlayerViewController.m in Sources */ = {isa = PBXBuildFile; fileRef = 57F0293617B75F3800E08498 /* StreamingMoviePlayerViewController.m */; };
/* End PBXBuildFile section */

/* Begin PBXContainerItemProxy section */
		579BE57417B71EEB00FD9118 /* PBXContainerItemProxy */ = {
			isa = PBXContainerItemProxy;
			containerPortal = 579BE54617B71EEB00FD9118 /* Project object */;
			proxyType = 1;
			remoteGlobalIDString = 579BE54D17B71EEB00FD9118;
			remoteInfo = MoviePlayerSample;
		};
/* End PBXContainerItemProxy section */

/* Begin PBXFileReference section */
		576E958417B76771004DA52C /* Storyboard.storyboard */ = {isa = PBXFileReference; fileEncoding = 4; lastKnownFileType = file.storyboard; path = Storyboard.storyboard; sourceTree = "<group>"; };
		579BE54E17B71EEB00FD9118 /* MoviePlayerSample.app */ = {isa = PBXFileReference; explicitFileType = wrapper.application; includeInIndex = 0; path = MoviePlayerSample.app; sourceTree = BUILT_PRODUCTS_DIR; };
		579BE55117B71EEB00FD9118 /* Foundation.framework */ = {isa = PBXFileReference; lastKnownFileType = wrapper.framework; name = Foundation.framework; path = System/Library/Frameworks/Foundation.framework; sourceTree = SDKROOT; };
		579BE55317B71EEB00FD9118 /* CoreGraphics.framework */ = {isa = PBXFileReference; lastKnownFileType = wrapper.framework; name = CoreGraphics.framework; path = System/Library/Frameworks/CoreGraphics.framework; sourceTree = SDKROOT; };
		579BE55517B71EEB00FD9118 /* UIKit.framework */ = {isa = PBXFileReference; lastKnownFileType = wrapper.framework; name = UIKit.framework; path = System/Library/Frameworks/UIKit.framework; sourceTree = SDKROOT; };
		579BE55917B71EEB00FD9118 /* MoviePlayerSample-Info.plist */ = {isa = PBXFileReference; lastKnownFileType = text.plist.xml; path = "MoviePlayerSample-Info.plist"; sourceTree = "<group>"; };
		579BE55B17B71EEB00FD9118 /* en */ = {isa = PBXFileReference; lastKnownFileType = text.plist.strings; name = en; path = en.lproj/InfoPlist.strings; sourceTree = "<group>"; };
		579BE55D17B71EEB00FD9118 /* main.m */ = {isa = PBXFileReference; lastKnownFileType = sourcecode.c.objc; path = main.m; sourceTree = "<group>"; };
		579BE55F17B71EEB00FD9118 /* MoviePlayerSample-Prefix.pch */ = {isa = PBXFileReference; lastKnownFileType = sourcecode.c.h; path = "MoviePlayerSample-Prefix.pch"; sourceTree = "<group>"; };
		579BE56017B71EEB00FD9118 /* AppDelegate.h */ = {isa = PBXFileReference; lastKnownFileType = sourcecode.c.h; path = AppDelegate.h; sourceTree = "<group>"; };
		579BE56117B71EEB00FD9118 /* AppDelegate.m */ = {isa = PBXFileReference; lastKnownFileType = sourcecode.c.objc; path = AppDelegate.m; sourceTree = "<group>"; };
		579BE56617B71EEB00FD9118 /* LocalMoviePlayerViewController.h */ = {isa = PBXFileReference; lastKnownFileType = sourcecode.c.h; path = LocalMoviePlayerViewController.h; sourceTree = "<group>"; };
		579BE56717B71EEB00FD9118 /* LocalMoviePlayerViewController.m */ = {isa = PBXFileReference; lastKnownFileType = sourcecode.c.objc; path = LocalMoviePlayerViewController.m; sourceTree = "<group>"; };
		579BE56917B71EEB00FD9118 /* Images.xcassets */ = {isa = PBXFileReference; lastKnownFileType = folder.assetcatalog; path = Images.xcassets; sourceTree = "<group>"; };
		579BE56F17B71EEB00FD9118 /* MoviePlayerSampleTests.xctest */ = {isa = PBXFileReference; explicitFileType = wrapper.cfbundle; includeInIndex = 0; path = MoviePlayerSampleTests.xctest; sourceTree = BUILT_PRODUCTS_DIR; };
		579BE57017B71EEB00FD9118 /* XCTest.framework */ = {isa = PBXFileReference; lastKnownFileType = wrapper.framework; name = XCTest.framework; path = Library/Frameworks/XCTest.framework; sourceTree = DEVELOPER_DIR; };
		579BE57817B71EEB00FD9118 /* MoviePlayerSampleTests-Info.plist */ = {isa = PBXFileReference; lastKnownFileType = text.plist.xml; path = "MoviePlayerSampleTests-Info.plist"; sourceTree = "<group>"; };
		579BE57A17B71EEB00FD9118 /* en */ = {isa = PBXFileReference; lastKnownFileType = text.plist.strings; name = en; path = en.lproj/InfoPlist.strings; sourceTree = "<group>"; };
		579BE57C17B71EEB00FD9118 /* MoviePlayerSampleTests.m */ = {isa = PBXFileReference; lastKnownFileType = sourcecode.c.objc; path = MoviePlayerSampleTests.m; sourceTree = "<group>"; };
		57F0292F17B75B4700E08498 /* MediaPlayer.framework */ = {isa = PBXFileReference; lastKnownFileType = wrapper.framework; name = MediaPlayer.framework; path = System/Library/Frameworks/MediaPlayer.framework; sourceTree = SDKROOT; };
		57F0293117B75D6E00E08498 /* Movie.m4v */ = {isa = PBXFileReference; lastKnownFileType = file; path = Movie.m4v; sourceTree = "<group>"; };
		57F0293517B75F3800E08498 /* StreamingMoviePlayerViewController.h */ = {isa = PBXFileReference; fileEncoding = 4; lastKnownFileType = sourcecode.c.h; path = StreamingMoviePlayerViewController.h; sourceTree = "<group>"; };
		57F0293617B75F3800E08498 /* StreamingMoviePlayerViewController.m */ = {isa = PBXFileReference; fileEncoding = 4; lastKnownFileType = sourcecode.c.objc; path = StreamingMoviePlayerViewController.m; sourceTree = "<group>"; };
/* End PBXFileReference section */

/* Begin PBXFrameworksBuildPhase section */
		579BE54B17B71EEB00FD9118 /* Frameworks */ = {
			isa = PBXFrameworksBuildPhase;
			buildActionMask = 2147483647;
			files = (
				57F0293017B75B4700E08498 /* MediaPlayer.framework in Frameworks */,
				579BE55417B71EEB00FD9118 /* CoreGraphics.framework in Frameworks */,
				579BE55617B71EEB00FD9118 /* UIKit.framework in Frameworks */,
				579BE55217B71EEB00FD9118 /* Foundation.framework in Frameworks */,
			);
			runOnlyForDeploymentPostprocessing = 0;
		};
		579BE56C17B71EEB00FD9118 /* Frameworks */ = {
			isa = PBXFrameworksBuildPhase;
			buildActionMask = 2147483647;
			files = (
				579BE57117B71EEB00FD9118 /* XCTest.framework in Frameworks */,
				579BE57317B71EEB00FD9118 /* UIKit.framework in Frameworks */,
				579BE57217B71EEB00FD9118 /* Foundation.framework in Frameworks */,
			);
			runOnlyForDeploymentPostprocessing = 0;
		};
/* End PBXFrameworksBuildPhase section */

/* Begin PBXGroup section */
		579BE54517B71EEB00FD9118 = {
			isa = PBXGroup;
			children = (
				579BE55717B71EEB00FD9118 /* MoviePlayerSample */,
				579BE57617B71EEB00FD9118 /* MoviePlayerSampleTests */,
				579BE55017B71EEB00FD9118 /* Frameworks */,
				579BE54F17B71EEB00FD9118 /* Products */,
			);
			sourceTree = "<group>";
		};
		579BE54F17B71EEB00FD9118 /* Products */ = {
			isa = PBXGroup;
			children = (
				579BE54E17B71EEB00FD9118 /* MoviePlayerSample.app */,
				579BE56F17B71EEB00FD9118 /* MoviePlayerSampleTests.xctest */,
			);
			name = Products;
			sourceTree = "<group>";
		};
		579BE55017B71EEB00FD9118 /* Frameworks */ = {
			isa = PBXGroup;
			children = (
				57F0292F17B75B4700E08498 /* MediaPlayer.framework */,
				579BE55117B71EEB00FD9118 /* Foundation.framework */,
				579BE55317B71EEB00FD9118 /* CoreGraphics.framework */,
				579BE55517B71EEB00FD9118 /* UIKit.framework */,
				579BE57017B71EEB00FD9118 /* XCTest.framework */,
			);
			name = Frameworks;
			sourceTree = "<group>";
		};
		579BE55717B71EEB00FD9118 /* MoviePlayerSample */ = {
			isa = PBXGroup;
			children = (
				579BE56017B71EEB00FD9118 /* AppDelegate.h */,
				579BE56117B71EEB00FD9118 /* AppDelegate.m */,
				57F0293417B75EFC00E08498 /* View */,
				57F0293317B75EEF00E08498 /* Resource */,
				579BE55817B71EEB00FD9118 /* Supporting Files */,
			);
			path = MoviePlayerSample;
			sourceTree = "<group>";
		};
		579BE55817B71EEB00FD9118 /* Supporting Files */ = {
			isa = PBXGroup;
			children = (
				579BE55917B71EEB00FD9118 /* MoviePlayerSample-Info.plist */,
				579BE55A17B71EEB00FD9118 /* InfoPlist.strings */,
				579BE55D17B71EEB00FD9118 /* main.m */,
				579BE55F17B71EEB00FD9118 /* MoviePlayerSample-Prefix.pch */,
			);
			name = "Supporting Files";
			sourceTree = "<group>";
		};
		579BE57617B71EEB00FD9118 /* MoviePlayerSampleTests */ = {
			isa = PBXGroup;
			children = (
				579BE57C17B71EEB00FD9118 /* MoviePlayerSampleTests.m */,
				579BE57717B71EEB00FD9118 /* Supporting Files */,
			);
			path = MoviePlayerSampleTests;
			sourceTree = "<group>";
		};
		579BE57717B71EEB00FD9118 /* Supporting Files */ = {
			isa = PBXGroup;
			children = (
				579BE57817B71EEB00FD9118 /* MoviePlayerSampleTests-Info.plist */,
				579BE57917B71EEB00FD9118 /* InfoPlist.strings */,
			);
			name = "Supporting Files";
			sourceTree = "<group>";
		};
		57F0293317B75EEF00E08498 /* Resource */ = {
			isa = PBXGroup;
			children = (
				579BE56917B71EEB00FD9118 /* Images.xcassets */,
				57F0293117B75D6E00E08498 /* Movie.m4v */,
			);
			name = Resource;
			sourceTree = "<group>";
		};
		57F0293417B75EFC00E08498 /* View */ = {
			isa = PBXGroup;
			children = (
				576E958417B76771004DA52C /* Storyboard.storyboard */,
				57F0293817B75F6300E08498 /* Local Movie Player */,
				57F0293917B75F6C00E08498 /* Streaming Movie Player */,
			);
			name = View;
			sourceTree = "<group>";
		};
		57F0293817B75F6300E08498 /* Local Movie Player */ = {
			isa = PBXGroup;
			children = (
				579BE56617B71EEB00FD9118 /* LocalMoviePlayerViewController.h */,
				579BE56717B71EEB00FD9118 /* LocalMoviePlayerViewController.m */,
			);
			name = "Local Movie Player";
			sourceTree = "<group>";
		};
		57F0293917B75F6C00E08498 /* Streaming Movie Player */ = {
			isa = PBXGroup;
			children = (
				57F0293517B75F3800E08498 /* StreamingMoviePlayerViewController.h */,
				57F0293617B75F3800E08498 /* StreamingMoviePlayerViewController.m */,
			);
			name = "Streaming Movie Player";
			sourceTree = "<group>";
		};
/* End PBXGroup section */

/* Begin PBXNativeTarget section */
		579BE54D17B71EEB00FD9118 /* MoviePlayerSample */ = {
			isa = PBXNativeTarget;
			buildConfigurationList = 579BE58017B71EEB00FD9118 /* Build configuration list for PBXNativeTarget "MoviePlayerSample" */;
			buildPhases = (
				579BE54A17B71EEB00FD9118 /* Sources */,
				579BE54B17B71EEB00FD9118 /* Frameworks */,
				579BE54C17B71EEB00FD9118 /* Resources */,
			);
			buildRules = (
			);
			dependencies = (
			);
			name = MoviePlayerSample;
			productName = MoviePlayerSample;
			productReference = 579BE54E17B71EEB00FD9118 /* MoviePlayerSample.app */;
			productType = "com.apple.product-type.application";
		};
		579BE56E17B71EEB00FD9118 /* MoviePlayerSampleTests */ = {
			isa = PBXNativeTarget;
			buildConfigurationList = 579BE58317B71EEB00FD9118 /* Build configuration list for PBXNativeTarget "MoviePlayerSampleTests" */;
			buildPhases = (
				579BE56B17B71EEB00FD9118 /* Sources */,
				579BE56C17B71EEB00FD9118 /* Frameworks */,
				579BE56D17B71EEB00FD9118 /* Resources */,
			);
			buildRules = (
			);
			dependencies = (
				579BE57517B71EEB00FD9118 /* PBXTargetDependency */,
			);
			name = MoviePlayerSampleTests;
			productName = MoviePlayerSampleTests;
			productReference = 579BE56F17B71EEB00FD9118 /* MoviePlayerSampleTests.xctest */;
			productType = "com.apple.product-type.bundle.unit-test";
		};
/* End PBXNativeTarget section */

/* Begin PBXProject section */
		579BE54617B71EEB00FD9118 /* Project object */ = {
			isa = PBXProject;
			attributes = {
				LastUpgradeCheck = 0500;
				ORGANIZATIONNAME = Heaven;
				TargetAttributes = {
					579BE56E17B71EEB00FD9118 = {
						TestTargetID = 579BE54D17B71EEB00FD9118;
					};
				};
			};
			buildConfigurationList = 579BE54917B71EEB00FD9118 /* Build configuration list for PBXProject "MoviePlayerSample" */;
			compatibilityVersion = "Xcode 3.2";
			developmentRegion = English;
			hasScannedForEncodings = 0;
			knownRegions = (
				en,
				Base,
			);
			mainGroup = 579BE54517B71EEB00FD9118;
			productRefGroup = 579BE54F17B71EEB00FD9118 /* Products */;
			projectDirPath = "";
			projectRoot = "";
			targets = (
				579BE54D17B71EEB00FD9118 /* MoviePlayerSample */,
				579BE56E17B71EEB00FD9118 /* MoviePlayerSampleTests */,
			);
		};
/* End PBXProject section */

/* Begin PBXResourcesBuildPhase section */
		579BE54C17B71EEB00FD9118 /* Resources */ = {
			isa = PBXResourcesBuildPhase;
			buildActionMask = 2147483647;
			files = (
				57F0293217B75DA500E08498 /* Movie.m4v in Resources */,
				579BE56A17B71EEB00FD9118 /* Images.xcassets in Resources */,
				579BE55C17B71EEB00FD9118 /* InfoPlist.strings in Resources */,
				576E958517B76771004DA52C /* Storyboard.storyboard in Resources */,
			);
			runOnlyForDeploymentPostprocessing = 0;
		};
		579BE56D17B71EEB00FD9118 /* Resources */ = {
			isa = PBXResourcesBuildPhase;
			buildActionMask = 2147483647;
			files = (
				579BE57B17B71EEB00FD9118 /* InfoPlist.strings in Resources */,
			);
			runOnlyForDeploymentPostprocessing = 0;
		};
/* End PBXResourcesBuildPhase section */

/* Begin PBXSourcesBuildPhase section */
		579BE54A17B71EEB00FD9118 /* Sources */ = {
			isa = PBXSourcesBuildPhase;
			buildActionMask = 2147483647;
			files = (
				579BE56817B71EEB00FD9118 /* LocalMoviePlayerViewController.m in Sources */,
				57F0293717B75F3800E08498 /* StreamingMoviePlayerViewController.m in Sources */,
				579BE56217B71EEB00FD9118 /* AppDelegate.m in Sources */,
				579BE55E17B71EEB00FD9118 /* main.m in Sources */,
			);
			runOnlyForDeploymentPostprocessing = 0;
		};
		579BE56B17B71EEB00FD9118 /* Sources */ = {
			isa = PBXSourcesBuildPhase;
			buildActionMask = 2147483647;
			files = (
				579BE57D17B71EEB00FD9118 /* MoviePlayerSampleTests.m in Sources */,
			);
			runOnlyForDeploymentPostprocessing = 0;
		};
/* End PBXSourcesBuildPhase section */

/* Begin PBXTargetDependency section */
		579BE57517B71EEB00FD9118 /* PBXTargetDependency */ = {
			isa = PBXTargetDependency;
			target = 579BE54D17B71EEB00FD9118 /* MoviePlayerSample */;
			targetProxy = 579BE57417B71EEB00FD9118 /* PBXContainerItemProxy */;
		};
/* End PBXTargetDependency section */

/* Begin PBXVariantGroup section */
		579BE55A17B71EEB00FD9118 /* InfoPlist.strings */ = {
			isa = PBXVariantGroup;
			children = (
				579BE55B17B71EEB00FD9118 /* en */,
			);
			name = InfoPlist.strings;
			sourceTree = "<group>";
		};
		579BE57917B71EEB00FD9118 /* InfoPlist.strings */ = {
			isa = PBXVariantGroup;
			children = (
				579BE57A17B71EEB00FD9118 /* en */,
			);
			name = InfoPlist.strings;
			sourceTree = "<group>";
		};
/* End PBXVariantGroup section */

/* Begin XCBuildConfiguration section */
		579BE57E17B71EEB00FD9118 /* Debug */ = {
			isa = XCBuildConfiguration;
			buildSettings = {
				ALWAYS_SEARCH_USER_PATHS = NO;
				CLANG_CXX_LANGUAGE_STANDARD = "gnu++0x";
				CLANG_CXX_LIBRARY = "libc++";
				CLANG_ENABLE_MODULES = YES;
				CLANG_ENABLE_OBJC_ARC = YES;
				CLANG_WARN_BOOL_CONVERSION = YES;
				CLANG_WARN_CONSTANT_CONVERSION = YES;
				CLANG_WARN_DIRECT_OBJC_ISA_USAGE = YES_ERROR;
				CLANG_WARN_EMPTY_BODY = YES;
				CLANG_WARN_ENUM_CONVERSION = YES;
				CLANG_WARN_INT_CONVERSION = YES;
				CLANG_WARN_OBJC_ROOT_CLASS = YES_ERROR;
				CLANG_WARN__DUPLICATE_METHOD_MATCH = YES;
				"CODE_SIGN_IDENTITY[sdk=iphoneos*]" = "iPhone Developer";
				COPY_PHASE_STRIP = NO;
				GCC_C_LANGUAGE_STANDARD = gnu99;
				GCC_DYNAMIC_NO_PIC = NO;
				GCC_OPTIMIZATION_LEVEL = 0;
				GCC_PREPROCESSOR_DEFINITIONS = (
					"DEBUG=1",
					"$(inherited)",
				);
				GCC_SYMBOLS_PRIVATE_EXTERN = NO;
				GCC_WARN_ABOUT_RETURN_TYPE = YES_ERROR;
				GCC_WARN_UNDECLARED_SELECTOR = YES;
				GCC_WARN_UNINITIALIZED_AUTOS = YES;
				GCC_WARN_UNUSED_FUNCTION = YES;
				GCC_WARN_UNUSED_VARIABLE = YES;
				IPHONEOS_DEPLOYMENT_TARGET = 6.1;
				ONLY_ACTIVE_ARCH = YES;
				SDKROOT = iphoneos;
			};
			name = Debug;
		};
		579BE57F17B71EEB00FD9118 /* Release */ = {
			isa = XCBuildConfiguration;
			buildSettings = {
				ALWAYS_SEARCH_USER_PATHS = NO;
				CLANG_CXX_LANGUAGE_STANDARD = "gnu++0x";
				CLANG_CXX_LIBRARY = "libc++";
				CLANG_ENABLE_MODULES = YES;
				CLANG_ENABLE_OBJC_ARC = YES;
				CLANG_WARN_BOOL_CONVERSION = YES;
				CLANG_WARN_CONSTANT_CONVERSION = YES;
				CLANG_WARN_DIRECT_OBJC_ISA_USAGE = YES_ERROR;
				CLANG_WARN_EMPTY_BODY = YES;
				CLANG_WARN_ENUM_CONVERSION = YES;
				CLANG_WARN_INT_CONVERSION = YES;
				CLANG_WARN_OBJC_ROOT_CLASS = YES_ERROR;
				CLANG_WARN__DUPLICATE_METHOD_MATCH = YES;
				"CODE_SIGN_IDENTITY[sdk=iphoneos*]" = "iPhone Developer";
				COPY_PHASE_STRIP = YES;
				ENABLE_NS_ASSERTIONS = NO;
				GCC_C_LANGUAGE_STANDARD = gnu99;
				GCC_WARN_ABOUT_RETURN_TYPE = YES_ERROR;
				GCC_WARN_UNDECLARED_SELECTOR = YES;
				GCC_WARN_UNINITIALIZED_AUTOS = YES;
				GCC_WARN_UNUSED_FUNCTION = YES;
				GCC_WARN_UNUSED_VARIABLE = YES;
				IPHONEOS_DEPLOYMENT_TARGET = 6.1;
				SDKROOT = iphoneos;
				VALIDATE_PRODUCT = YES;
			};
			name = Release;
		};
		579BE58117B71EEB00FD9118 /* Debug */ = {
			isa = XCBuildConfiguration;
			buildSettings = {
				ASSETCATALOG_COMPILER_APPICON_NAME = AppIcon;
				ASSETCATALOG_COMPILER_LAUNCHIMAGE_NAME = LaunchImage;
				GCC_PRECOMPILE_PREFIX_HEADER = YES;
				GCC_PREFIX_HEADER = "MoviePlayerSample/MoviePlayerSample-Prefix.pch";
				INFOPLIST_FILE = "MoviePlayerSample/MoviePlayerSample-Info.plist";
				PRODUCT_NAME = "$(TARGET_NAME)";
				WRAPPER_EXTENSION = app;
			};
			name = Debug;
		};
		579BE58217B71EEB00FD9118 /* Release */ = {
			isa = XCBuildConfiguration;
			buildSettings = {
				ASSETCATALOG_COMPILER_APPICON_NAME = AppIcon;
				ASSETCATALOG_COMPILER_LAUNCHIMAGE_NAME = LaunchImage;
				GCC_PRECOMPILE_PREFIX_HEADER = YES;
				GCC_PREFIX_HEADER = "MoviePlayerSample/MoviePlayerSample-Prefix.pch";
				INFOPLIST_FILE = "MoviePlayerSample/MoviePlayerSample-Info.plist";
				PRODUCT_NAME = "$(TARGET_NAME)";
				WRAPPER_EXTENSION = app;
			};
			name = Release;
		};
		579BE58417B71EEB00FD9118 /* Debug */ = {
			isa = XCBuildConfiguration;
			buildSettings = {
				BUNDLE_LOADER = "$(BUILT_PRODUCTS_DIR)/MoviePlayerSample.app/MoviePlayerSample";
				FRAMEWORK_SEARCH_PATHS = (
					"$(SDKROOT)/Developer/Library/Frameworks",
					"$(inherited)",
					"$(DEVELOPER_FRAMEWORKS_DIR)",
				);
				GCC_PRECOMPILE_PREFIX_HEADER = YES;
				GCC_PREFIX_HEADER = "MoviePlayerSample/MoviePlayerSample-Prefix.pch";
				GCC_PREPROCESSOR_DEFINITIONS = (
					"DEBUG=1",
					"$(inherited)",
				);
				INFOPLIST_FILE = "MoviePlayerSampleTests/MoviePlayerSampleTests-Info.plist";
				PRODUCT_NAME = "$(TARGET_NAME)";
				TEST_HOST = "$(BUNDLE_LOADER)";
				WRAPPER_EXTENSION = xctest;
			};
			name = Debug;
		};
		579BE58517B71EEB00FD9118 /* Release */ = {
			isa = XCBuildConfiguration;
			buildSettings = {
				BUNDLE_LOADER = "$(BUILT_PRODUCTS_DIR)/MoviePlayerSample.app/MoviePlayerSample";
				FRAMEWORK_SEARCH_PATHS = (
					"$(SDKROOT)/Developer/Library/Frameworks",
					"$(inherited)",
					"$(DEVELOPER_FRAMEWORKS_DIR)",
				);
				GCC_PRECOMPILE_PREFIX_HEADER = YES;
				GCC_PREFIX_HEADER = "MoviePlayerSample/MoviePlayerSample-Prefix.pch";
				INFOPLIST_FILE = "MoviePlayerSampleTests/MoviePlayerSampleTests-Info.plist";
				PRODUCT_NAME = "$(TARGET_NAME)";
				TEST_HOST = "$(BUNDLE_LOADER)";
				WRAPPER_EXTENSION = xctest;
			};
			name = Release;
		};
/* End XCBuildConfiguration section */

/* Begin XCConfigurationList section */
		579BE54917B71EEB00FD9118 /* Build configuration list for PBXProject "MoviePlayerSample" */ = {
			isa = XCConfigurationList;
			buildConfigurations = (
				579BE57E17B71EEB00FD9118 /* Debug */,
				579BE57F17B71EEB00FD9118 /* Release */,
			);
			defaultConfigurationIsVisible = 0;
			defaultConfigurationName = Release;
		};
		579BE58017B71EEB00FD9118 /* Build configuration list for PBXNativeTarget "MoviePlayerSample" */ = {
			isa = XCConfigurationList;
			buildConfigurations = (
				579BE58117B71EEB00FD9118 /* Debug */,
				579BE58217B71EEB00FD9118 /* Release */,
			);
			defaultConfigurationIsVisible = 0;
			defaultConfigurationName = Release;
		};
		579BE58317B71EEB00FD9118 /* Build configuration list for PBXNativeTarget "MoviePlayerSampleTests" */ = {
			isa = XCConfigurationList;
			buildConfigurations = (
				579BE58417B71EEB00FD9118 /* Debug */,
				579BE58517B71EEB00FD9118 /* Release */,
			);
			defaultConfigurationIsVisible = 0;
			defaultConfigurationName = Release;
		};
/* End XCConfigurationList section */
	};
	rootObject = 579BE54617B71EEB00FD9118 /* Project object */;
}
